PODS:
  - Flutter (1.0.0)
  - radio_group (0.0.1):
    - Flutter

DEPENDENCIES:
  - Flutter (from `Flutter`)
  - radio_group (from `.symlinks/plugins/radio_group/ios`)

EXTERNAL SOURCES:
  Flutter:
    :path: Flutter
  radio_group:
    :path: ".symlinks/plugins/radio_group/ios"

SPEC CHECKSUMS:
  Flutter: 434fef37c0980e73bb6479ef766c45957d4b510c
  radio_group: 48aee68aabc6a7948d94c0ccc76fead1313b8e30

PODFILE CHECKSUM: aafe91acc616949ddb318b77800a7f51bffa2a4c

COCOAPODS: 1.10.1
